// !$*UTF8*$!
{
	archiveVersion = 1;
	classes = {
	};
	objectVersion = 46;
	objects = {

/* Begin PBXBuildFile section */
		1591DA0C1E166326005014BB /* UmengAnalytics.m in Sources */ = {isa = PBXBuildFile; fileRef = 1591DA0B1E166326005014BB /* UmengAnalytics.m */; };
		1591DA0D1E166326005014BB /* UmengAnalytics.h in Copy Files */ = {isa = PBXBuildFile; fileRef = 1591DA0A1E166326005014BB /* UmengAnalytics.h */; };
		1591E0141E1CADF0005014BB /* UMMobClick in Frameworks */ = {isa = PBXBuildFile; fileRef = 1591E0131E1CADF0005014BB /* UMMobClick */; };
/* End PBXBuildFile section */

/* Begin PBXCopyFilesBuildPhase section */
		1591DA051E166325005014BB /* Copy Files */ = {
			isa = PBXCopyFilesBuildPhase;
			buildActionMask = 2147483647;
			dstPath = "include/$(PRODUCT_NAME)";
			dstSubfolderSpec = 16;
			files = (
				1591DA0D1E166326005014BB /* UmengAnalytics.h in Copy Files */,
			);
			name = "Copy Files";
			runOnlyForDeploymentPostprocessing = 0;
		};
/* End PBXCopyFilesBuildPhase section */

/* Begin PBXFileReference section */
		1591DA071E166326005014BB /* libUmengAnalytics.a */ = {isa = PBXFileReference; explicitFileType = archive.ar; includeInIndex = 0; path = libUmengAnalytics.a; sourceTree = BUILT_PRODUCTS_DIR; };
		1591DA0A1E166326005014BB /* UmengAnalytics.h */ = {isa = PBXFileReference; lastKnownFileType = sourcecode.c.h; path = UmengAnalytics.h; sourceTree = "<group>"; };
		1591DA0B1E166326005014BB /* UmengAnalytics.m */ = {isa = PBXFileReference; lastKnownFileType = sourcecode.c.objc; path = UmengAnalytics.m; sourceTree = "<group>"; };
		1591DA231E166C2A005014BB /* UMMobClick.framework */ = {isa = PBXFileReference; lastKnownFileType = wrapper.framework; path = UMMobClick.framework; sourceTree = "<group>"; };
		1591E0131E1CADF0005014BB /* UMMobClick */ = {isa = PBXFileReference; lastKnownFileType = archive.ar; name = UMMobClick; path = UMMobClick.framework/Versions/A/UMMobClick; sourceTree = "<group>"; };
/* End PBXFileReference section */

/* Begin PBXFrameworksBuildPhase section */
		1591DA041E166325005014BB /* Frameworks */ = {
			isa = PBXFrameworksBuildPhase;
			buildActionMask = 2147483647;
			files = (
				1591E0141E1CADF0005014BB /* UMMobClick in Frameworks */,
			);
			runOnlyForDeploymentPostprocessing = 0;
		};
/* End PBXFrameworksBuildPhase section */

/* Begin PBXGroup section */
		1591D9FE1E166325005014BB = {
			isa = PBXGroup;
			children = (
				1591DA091E166326005014BB /* UmengAnalytics */,
				1591DA081E166326005014BB /* Products */,
				1591DA201E166BFC005014BB /* Frameworks */,
			);
			sourceTree = "<group>";
		};
		1591DA081E166326005014BB /* Products */ = {
			isa = PBXGroup;
			children = (
				1591DA071E166326005014BB /* libUmengAnalytics.a */,
			);
			name = Products;
			sourceTree = "<group>";
		};
		1591DA091E166326005014BB /* UmengAnalytics */ = {
			isa = PBXGroup;
			children = (
				1591DA0A1E166326005014BB /* UmengAnalytics.h */,
				1591DA0B1E166326005014BB /* UmengAnalytics.m */,
			);
			path = UmengAnalytics;
			sourceTree = "<group>";
		};
		1591DA201E166BFC005014BB /* Frameworks */ = {
			isa = PBXGroup;
			children = (
				1591E0131E1CADF0005014BB /* UMMobClick */,
				1591DA231E166C2A005014BB /* UMMobClick.framework */,
			);
			name = Frameworks;
			sourceTree = "<group>";
		};
/* End PBXGroup section */

/* Begin PBXNativeTarget section */
		1591DA061E166325005014BB /* UmengAnalytics */ = {
			isa = PBXNativeTarget;
			buildConfigurationList = 1591DA101E166326005014BB /* Build configuration list for PBXNativeTarget "UmengAnalytics" */;
			buildPhases = (
				1591DA031E166325005014BB /* Sources */,
				1591DA041E166325005014BB /* Frameworks */,
				1591DA051E166325005014BB /* Copy Files */,
			);
			buildRules = (
			);
			dependencies = (
			);
			name = UmengAnalytics;
			productName = UmengAnalytics;
			productReference = 1591DA071E166326005014BB /* libUmengAnalytics.a */;
			productType = "com.apple.product-type.library.static";
		};
/* End PBXNativeTarget section */

/* Begin PBXProject section */
		1591D9FF1E166325005014BB /* Project object */ = {
			isa = PBXProject;
			attributes = {
				LastUpgradeCheck = 0820;
				TargetAttributes = {
					1591DA061E166325005014BB = {
						CreatedOnToolsVersion = 8.2.1;
						DevelopmentTeam = GTV5BMYL24;
						ProvisioningStyle = Automatic;
					};
				};
			};
			buildConfigurationList = 1591DA021E166325005014BB /* Build configuration list for PBXProject "UmengAnalytics" */;
			compatibilityVersion = "Xcode 3.2";
			developmentRegion = English;
			hasScannedForEncodings = 0;
			knownRegions = (
				en,
			);
			mainGroup = 1591D9FE1E166325005014BB;
			productRefGroup = 1591DA081E166326005014BB /* Products */;
			projectDirPath = "";
			projectRoot = "";
			targets = (
				1591DA061E166325005014BB /* UmengAnalytics */,
			);
		};
/* End PBXProject section */

/* Begin PBXSourcesBuildPhase section */
		1591DA031E166325005014BB /* Sources */ = {
			isa = PBXSourcesBuildPhase;
			buildActionMask = 2147483647;
			files = (
				1591DA0C1E166326005014BB /* UmengAnalytics.m in Sources */,
			);
			runOnlyForDeploymentPostprocessing = 0;
		};
/* End PBXSourcesBuildPhase section */

/* Begin XCBuildConfiguration section */
		1591DA0E1E166326005014BB /* Debug */ = {
			isa = XCBuildConfiguration;
			buildSettings = {
				ALWAYS_SEARCH_USER_PATHS = NO;
				CLANG_ANALYZER_NONNULL = YES;
				CLANG_CXX_LANGUAGE_STANDARD = "gnu++0x";
				CLANG_CXX_LIBRARY = "libc++";
				CLANG_ENABLE_MODULES = YES;
				CLANG_ENABLE_OBJC_ARC = YES;
				CLANG_WARN_BOOL_CONVERSION = YES;
				CLANG_WARN_CONSTANT_CONVERSION = YES;
				CLANG_WARN_DIRECT_OBJC_ISA_USAGE = YES_ERROR;
				CLANG_WARN_DOCUMENTATION_COMMENTS = YES;
				CLANG_WARN_EMPTY_BODY = YES;
				CLANG_WARN_ENUM_CONVERSION = YES;
				CLANG_WARN_INFINITE_RECURSION = YES;
				CLANG_WARN_INT_CONVERSION = YES;
				CLANG_WARN_OBJC_ROOT_CLASS = YES_ERROR;
				CLANG_WARN_SUSPICIOUS_MOVE = YES;
				CLANG_WARN_UNREACHABLE_CODE = YES;
				CLANG_WARN__DUPLICATE_METHOD_MATCH = YES;
				"CODE_SIGN_IDENTITY[sdk=iphoneos*]" = "iPhone Developer";
				COPY_PHASE_STRIP = NO;
				DEBUG_INFORMATION_FORMAT = dwarf;
				ENABLE_STRICT_OBJC_MSGSEND = YES;
				ENABLE_TESTABILITY = YES;
				GCC_C_LANGUAGE_STANDARD = gnu99;
				GCC_DYNAMIC_NO_PIC = NO;
				GCC_NO_COMMON_BLOCKS = YES;
				GCC_OPTIMIZATION_LEVEL = 0;
				GCC_PREPROCESSOR_DEFINITIONS = (
					"DEBUG=1",
					"$(inherited)",
				);
				GCC_WARN_64_TO_32_BIT_CONVERSION = YES;
				GCC_WARN_ABOUT_RETURN_TYPE = YES_ERROR;
				GCC_WARN_UNDECLARED_SELECTOR = YES;
				GCC_WARN_UNINITIALIZED_AUTOS = YES_AGGRESSIVE;
				GCC_WARN_UNUSED_FUNCTION = YES;
				GCC_WARN_UNUSED_VARIABLE = YES;
				IPHONEOS_DEPLOYMENT_TARGET = 10.2;
				MTL_ENABLE_DEBUG_INFO = YES;
				ONLY_ACTIVE_ARCH = YES;
				SDKROOT = iphoneos;
			};
			name = Debug;
		};
		1591DA0F1E166326005014BB /* Release */ = {
			isa = XCBuildConfiguration;
			buildSettings = {
				ALWAYS_SEARCH_USER_PATHS = NO;
				CLANG_ANALYZER_NONNULL = YES;
				CLANG_CXX_LANGUAGE_STANDARD = "gnu++0x";
				CLANG_CXX_LIBRARY = "libc++";
				CLANG_ENABLE_MODULES = YES;
				CLANG_ENABLE_OBJC_ARC = YES;
				CLANG_WARN_BOOL_CONVERSION = YES;
				CLANG_WARN_CONSTANT_CONVERSION = YES;
				CLANG_WARN_DIRECT_OBJC_ISA_USAGE = YES_ERROR;
				CLANG_WARN_DOCUMENTATION_COMMENTS = YES;
				CLANG_WARN_EMPTY_BODY = YES;
				CLANG_WARN_ENUM_CONVERSION = YES;
				CLANG_WARN_INFINITE_RECURSION = YES;
				CLANG_WARN_INT_CONVERSION = YES;
				CLANG_WARN_OBJC_ROOT_CLASS = YES_ERROR;
				CLANG_WARN_SUSPICIOUS_MOVE = YES;
				CLANG_WARN_UNREACHABLE_CODE = YES;
				CLANG_WARN__DUPLICATE_METHOD_MATCH = YES;
				"CODE_SIGN_IDENTITY[sdk=iphoneos*]" = "iPhone Developer";
				COPY_PHASE_STRIP = NO;
				DEBUG_INFORMATION_FORMAT = "dwarf-with-dsym";
				ENABLE_NS_ASSERTIONS = NO;
				ENABLE_STRICT_OBJC_MSGSEND = YES;
				GCC_C_LANGUAGE_STANDARD = gnu99;
				GCC_NO_COMMON_BLOCKS = YES;
				GCC_WARN_64_TO_32_BIT_CONVERSION = YES;
				GCC_WARN_ABOUT_RETURN_TYPE = YES_ERROR;
				GCC_WARN_UNDECLARED_SELECTOR = YES;
				GCC_WARN_UNINITIALIZED_AUTOS = YES_AGGRESSIVE;
				GCC_WARN_UNUSED_FUNCTION = YES;
				GCC_WARN_UNUSED_VARIABLE = YES;
				IPHONEOS_DEPLOYMENT_TARGET = 10.2;
				MTL_ENABLE_DEBUG_INFO = NO;
				SDKROOT = iphoneos;
				VALIDATE_PRODUCT = YES;
			};
			name = Release;
		};
		1591DA111E166326005014BB /* Debug */ = {
			isa = XCBuildConfiguration;
			buildSettings = {
				DEVELOPMENT_TEAM = GTV5BMYL24;
				FRAMEWORK_SEARCH_PATHS = (
					"$(inherited)",
					"$(PROJECT_DIR)",
				);
				HEADER_SEARCH_PATHS = (
					"$(PROJECT_DIR)/../../react-native/React/**",
					"$(PROJECT_DIR)/UMMobClick.framework/**",
				);
				LIBRARY_SEARCH_PATHS = (
					"$(inherited)",
					"$(PROJECT_DIR)/UMMobClick.framework/**",
				);
				OTHER_LDFLAGS = "-ObjC";
				PRODUCT_NAME = "$(TARGET_NAME)";
				SKIP_INSTALL = YES;
			};
			name = Debug;
		};
		1591DA121E166326005014BB /* Release */ = {
			isa = XCBuildConfiguration;
			buildSettings = {
				DEVELOPMENT_TEAM = GTV5BMYL24;
				FRAMEWORK_SEARCH_PATHS = (
					"$(inherited)",
					"$(PROJECT_DIR)",
				);
				HEADER_SEARCH_PATHS = (
					"$(PROJECT_DIR)/../../react-native/React/**",
					"$(PROJECT_DIR)/UMMobClick.framework/**",
				);
				LIBRARY_SEARCH_PATHS = (
					"$(inherited)",
					"$(PROJECT_DIR)/UMMobClick.framework/**",
				);
				OTHER_LDFLAGS = "-ObjC";
				PRODUCT_NAME = "$(TARGET_NAME)";
				SKIP_INSTALL = YES;
			};
			name = Release;
		};
/* End XCBuildConfiguration section */

/* Begin XCConfigurationList section */
		1591DA021E166325005014BB /* Build configuration list for PBXProject "UmengAnalytics" */ = {
			isa = XCConfigurationList;
			buildConfigurations = (
				1591DA0E1E166326005014BB /* Debug */,
				1591DA0F1E166326005014BB /* Release */,
			);
			defaultConfigurationIsVisible = 0;
			defaultConfigurationName = Release;
		};
		1591DA101E166326005014BB /* Build configuration list for PBXNativeTarget "UmengAnalytics" */ = {
			isa = XCConfigurationList;
			buildConfigurations = (
				1591DA111E166326005014BB /* Debug */,
				1591DA121E166326005014BB /* Release */,
			);
			defaultConfigurationIsVisible = 0;
			defaultConfigurationName = Release;
		};
/* End XCConfigurationList section */
	};
	rootObject = 1591D9FF1E166325005014BB /* Project object */;
}
